
Microsoft Visual Studio Solution File, Format Version 12.00
# Visual Studio Version 16
VisualStudioVersion = 16.0.29102.190
MinimumVisualStudioVersion = 10.0.40219.1
Project("{9A19103F-16F7-4668-BE54-9A1E7A4F7556}") = "MultipleOfFiveAndNine", "MultipleOfFiveAndNine\MultipleOfFiveAndNine.csproj", "{BF630C38-DF04-47DA-95AB-F0EC4C9AA849}"
EndProject
Project("{9A19103F-16F7-4668-BE54-9A1E7A4F7556}") = "TDD", "TDD\TDD.csproj", "{C930FCF5-6351-4DF4-8EFB-9AA3991830D8}"
EndProject
Project("{F2A71F9B-5D33-465A-A702-920D77279786}") = "FunMultipleOfFiveAndNine", "FunMultipleOfFiveAndNine\FunMultipleOfFiveAndNine.fsproj", "{D3B8B1B1-D81C-4E92-A61A-E92292631BD5}"
EndProject
Global
	GlobalSection(SolutionConfigurationPlatforms) = preSolution
		Debug|Any CPU = Debug|Any CPU
		Release|Any CPU = Release|Any CPU
	EndGlobalSection
	GlobalSection(ProjectConfigurationPlatforms) = postSolution
		{BF630C38-DF04-47DA-95AB-F0EC4C9AA849}.Debug|Any CPU.ActiveCfg = Debug|Any CPU
		{BF630C38-DF04-47DA-95AB-F0EC4C9AA849}.Debug|Any CPU.Build.0 = Debug|Any CPU
		{BF630C38-DF04-47DA-95AB-F0EC4C9AA849}.Release|Any CPU.ActiveCfg = Release|Any CPU
		{BF630C38-DF04-47DA-95AB-F0EC4C9AA849}.Release|Any CPU.Build.0 = Release|Any CPU
		{C930FCF5-6351-4DF4-8EFB-9AA3991830D8}.Debug|Any CPU.ActiveCfg = Debug|Any CPU
		{C930FCF5-6351-4DF4-8EFB-9AA3991830D8}.Debug|Any CPU.Build.0 = Debug|Any CPU
		{C930FCF5-6351-4DF4-8EFB-9AA3991830D8}.Release|Any CPU.ActiveCfg = Release|Any CPU
		{C930FCF5-6351-4DF4-8EFB-9AA3991830D8}.Release|Any CPU.Build.0 = Release|Any CPU
		{D3B8B1B1-D81C-4E92-A61A-E92292631BD5}.Debug|Any CPU.ActiveCfg = Debug|Any CPU
		{D3B8B1B1-D81C-4E92-A61A-E92292631BD5}.Debug|Any CPU.Build.0 = Debug|Any CPU
		{D3B8B1B1-D81C-4E92-A61A-E92292631BD5}.Release|Any CPU.ActiveCfg = Release|Any CPU
		{D3B8B1B1-D81C-4E92-A61A-E92292631BD5}.Release|Any CPU.Build.0 = Release|Any CPU
	EndGlobalSection
	GlobalSection(SolutionProperties) = preSolution
		HideSolutionNode = FALSE
	EndGlobalSection
	GlobalSection(ExtensibilityGlobals) = postSolution
		SolutionGuid = {D9A53582-14A1-4754-BD5D-DC2534ED3FC0}
	EndGlobalSection
EndGlobal
